# THIS IS AN AUTOGENERATED FILE. DO NOT EDIT THIS FILE DIRECTLY.
# yarn lockfile v1


"@yaireo/validator@^3.3.5":
  version "3.3.5"
  resolved "https://registry.yarnpkg.com/@yaireo/validator/-/validator-3.3.5.tgz#accc87abde1147440c1a1053a4ae2c89ef4a0209"

almond@~0.3.1:
  version "0.3.3"
  resolved "https://registry.yarnpkg.com/almond/-/almond-0.3.3.tgz#a0e7c95ac7624d6417b4494b1e68bff693168a20"

angular@^1.7.5:
  version "1.7.5"
  resolved "https://registry.yarnpkg.com/angular/-/angular-1.7.5.tgz#d1c1c01c6f5dc835638f3f9aa51012857bdac49e"

autosize@3.0.15:
  version "3.0.15"
  resolved "https://registry.yarnpkg.com/autosize/-/autosize-3.0.15.tgz#8a7e37fafa5f42a3f4f8f1153a7fb5e631e8cab5"

axios@^0.18.0:
  version "0.18.0"
  resolved "https://registry.yarnpkg.com/axios/-/axios-0.18.0.tgz#32d53e4851efdc0a11993b6cd000789d70c05102"
  dependencies:
    follow-redirects "^1.3.0"
    is-buffer "^1.1.5"

bootstrap-daterangepicker@^3.0.3:
  version "3.0.3"
  resolved "https://registry.yarnpkg.com/bootstrap-daterangepicker/-/bootstrap-daterangepicker-3.0.3.tgz#670c638dc124a15a95ddf0440af34d1acee7cffc"
  dependencies:
    jquery ">=1.10"
    moment "^2.9.0"

bootstrap-progressbar@^0.9.0:
  version "0.9.0"
  resolved "https://registry.yarnpkg.com/bootstrap-progressbar/-/bootstrap-progressbar-0.9.0.tgz#cc00fb94797111556dc9af7ea6b5cadbee30cac4"

bootstrap-select@^1.13.3:
  version "1.13.3"
  resolved "https://registry.yarnpkg.com/bootstrap-select/-/bootstrap-select-1.13.3.tgz#77f62b72c69339227753b3879cec036039dcb4d9"

bootstrap-wysiwyg@^2.0.1:
  version "2.0.1"
  resolved "https://registry.yarnpkg.com/bootstrap-wysiwyg/-/bootstrap-wysiwyg-2.0.1.tgz#ed9c7a7e2e33c5931b0f8d974c11268baf39a8ba"

bootstrap@3.3.7:
  version "3.3.7"
  resolved "http://registry.npmjs.org/bootstrap/-/bootstrap-3.3.7.tgz#5a389394549f23330875a3b150656574f8a9eb71"

cssify@~0.3.0:
  version "0.3.0"
  resolved "https://registry.yarnpkg.com/cssify/-/cssify-0.3.0.tgz#22c84b5a2aa96cbec4a9f2b8dddd6c6ca357f329"
  dependencies:
    through "~2.3.4"

datatables.net-bs@^1.10.15, datatables.net-bs@^1.10.19:
  version "1.10.19"
  resolved "https://registry.yarnpkg.com/datatables.net-bs/-/datatables.net-bs-1.10.19.tgz#08763b4e4d0cef1a427d019dc15e717c7ed67a4d"
  dependencies:
    datatables.net "1.10.19"
    jquery ">=1.7"

datatables.net-buttons-bs@^1.5.4:
  version "1.5.4"
  resolved "https://registry.yarnpkg.com/datatables.net-buttons-bs/-/datatables.net-buttons-bs-1.5.4.tgz#03d428732f551d06f5f6d58ba4a98f973c72f563"
  dependencies:
    datatables.net-bs "^1.10.15"
    datatables.net-buttons "1.5.4"
    jquery ">=1.7"

datatables.net-buttons@1.5.4:
  version "1.5.4"
  resolved "https://registry.yarnpkg.com/datatables.net-buttons/-/datatables.net-buttons-1.5.4.tgz#806c249e0858ea6cafccad433f4dd7736c0b1464"
  dependencies:
    datatables.net "^1.10.15"
    jquery ">=1.7"

datatables.net-fixedheader-bs@^3.1.5:
  version "3.1.5"
  resolved "https://registry.yarnpkg.com/datatables.net-fixedheader-bs/-/datatables.net-fixedheader-bs-3.1.5.tgz#20bcf41d80789b768a56b3386b16461542f71e8b"
  dependencies:
    datatables.net-bs "^1.10.15"
    datatables.net-fixedheader "3.1.5"
    jquery ">=1.7"

datatables.net-fixedheader@3.1.5:
  version "3.1.5"
  resolved "https://registry.yarnpkg.com/datatables.net-fixedheader/-/datatables.net-fixedheader-3.1.5.tgz#4b6051a877e2c625604f0847b4b7227faddcccea"
  dependencies:
    datatables.net "^1.10.15"
    jquery ">=1.7"

datatables.net-responsive-bs@^2.2.3:
  version "2.2.3"
  resolved "https://registry.yarnpkg.com/datatables.net-responsive-bs/-/datatables.net-responsive-bs-2.2.3.tgz#6d3791a77a18af746d4ad520b7e7319f731be43c"
  dependencies:
    datatables.net-bs "^1.10.15"
    datatables.net-responsive "2.2.3"
    jquery ">=1.7"

datatables.net-responsive@2.2.3:
  version "2.2.3"
  resolved "https://registry.yarnpkg.com/datatables.net-responsive/-/datatables.net-responsive-2.2.3.tgz#50a2b1b4955b16b32f573a3f00f473b0bfbee913"
  dependencies:
    datatables.net "^1.10.15"
    jquery ">=1.7"

datatables.net-scroller-bs@^1.5.1:
  version "1.5.1"
  resolved "https://registry.yarnpkg.com/datatables.net-scroller-bs/-/datatables.net-scroller-bs-1.5.1.tgz#5803987536bcf44e3eb69b6a26fcf76f03f5f6b6"
  dependencies:
    datatables.net-bs "^1.10.15"
    datatables.net-scroller "1.5.1"
    jquery ">=1.7"

datatables.net-scroller@1.5.1:
  version "1.5.1"
  resolved "https://registry.yarnpkg.com/datatables.net-scroller/-/datatables.net-scroller-1.5.1.tgz#6f993db9e1976b425c6d9dfe05efd4ab39327733"
  dependencies:
    datatables.net "^1.10.15"
    jquery ">=1.7"

datatables.net@1.10.12:
  version "1.10.12"
  resolved "https://registry.yarnpkg.com/datatables.net/-/datatables.net-1.10.12.tgz#d66e1497d39f55ad6f1e6c2abb30ce19290e30f8"
  dependencies:
    jquery ">=1.7"

datatables.net@1.10.19, datatables.net@^1.10.15:
  version "1.10.19"
  resolved "https://registry.yarnpkg.com/datatables.net/-/datatables.net-1.10.19.tgz#97a1ed41c85e62d61040603481b59790a172dd1f"
  dependencies:
    jquery ">=1.7"

debug@=3.1.0:
  version "3.1.0"
  resolved "https://registry.yarnpkg.com/debug/-/debug-3.1.0.tgz#5bb5a0672628b64149566ba16819e61518c67261"
  dependencies:
    ms "2.0.0"

devbridge-autocomplete@1.2.24:
  version "1.2.24"
  resolved "https://registry.yarnpkg.com/devbridge-autocomplete/-/devbridge-autocomplete-1.2.24.tgz#47f068124c9b334ae407a30a89ddbd1b50bf582f"
  dependencies:
    jquery ">=1.7"

fastclick@^1.0.6:
  version "1.0.6"
  resolved "https://registry.yarnpkg.com/fastclick/-/fastclick-1.0.6.tgz#161625b27b1a5806405936bda9a2c1926d06be6a"

follow-redirects@^1.3.0:
  version "1.5.9"
  resolved "https://registry.yarnpkg.com/follow-redirects/-/follow-redirects-1.5.9.tgz#c9ed9d748b814a39535716e531b9196a845d89c6"
  dependencies:
    debug "=3.1.0"

font-awesome@4.6.3:
  version "4.6.3"
  resolved "https://registry.yarnpkg.com/font-awesome/-/font-awesome-4.6.3.tgz#86933651540ee00874c664017f50f2172f6531a2"

google-code-prettify@^1.0.5:
  version "1.0.5"
  resolved "https://registry.yarnpkg.com/google-code-prettify/-/google-code-prettify-1.0.5.tgz#9f477f224dbfa62372e5ef803a7e157410400084"

icheck@^1.0.2:
  version "1.0.2"
  resolved "https://registry.yarnpkg.com/icheck/-/icheck-1.0.2.tgz#06d08da3d47ae448c153b2639b86e9ad7fdf7128"

is-buffer@^1.1.5:
  version "1.1.6"
  resolved "https://registry.yarnpkg.com/is-buffer/-/is-buffer-1.1.6.tgz#efaa2ea9daa0d7ab2ea13a97b2b8ad51fefbe8be"

jquery-mousewheel@~3.1.13:
  version "3.1.13"
  resolved "https://registry.yarnpkg.com/jquery-mousewheel/-/jquery-mousewheel-3.1.13.tgz#06f0335f16e353a695e7206bf50503cb523a6ee5"

jquery.hotkeys@^0.1.0:
  version "0.1.0"
  resolved "https://registry.yarnpkg.com/jquery.hotkeys/-/jquery.hotkeys-0.1.0.tgz#a88f636494fe75de41e4b753a059e5a523b83273"

jquery@2.2.4:
  version "2.2.4"
  resolved "https://registry.yarnpkg.com/jquery/-/jquery-2.2.4.tgz#2c89d6889b5eac522a7eea32c14521559c6cbf02"

jquery@>=1.10, jquery@>=1.6.0, jquery@>=1.7, jquery@>=1.8.0:
  version "3.3.1"
  resolved "https://registry.yarnpkg.com/jquery/-/jquery-3.3.1.tgz#958ce29e81c9790f31be7792df5d4d95fc57fbca"

moment@^2.22.2, moment@^2.9.0:
  version "2.22.2"
  resolved "https://registry.yarnpkg.com/moment/-/moment-2.22.2.tgz#3c257f9839fc0e93ff53149632239eb90783ff66"

ms@2.0.0:
  version "2.0.0"
  resolved "https://registry.yarnpkg.com/ms/-/ms-2.0.0.tgz#5608aeadfc00be6c2901df5f9861788de0d597c8"

nprogress@^0.2.0:
  version "0.2.0"
  resolved "http://registry.npmjs.org/nprogress/-/nprogress-0.2.0.tgz#cb8f34c53213d895723fcbab907e9422adbcafb1"

parsleyjs@2.3.13:
  version "2.3.13"
  resolved "https://registry.yarnpkg.com/parsleyjs/-/parsleyjs-2.3.13.tgz#fb2969d1f38e94c62000681a5cb519b2bc5d6089"
  dependencies:
    jquery ">=1.8.0"

pnotify@3.0.1:
  version "3.0.1"
  resolved "https://registry.yarnpkg.com/pnotify/-/pnotify-3.0.1.tgz#9f0fa3ff4afbcf4eed0bac4818dace7b717082bc"
  dependencies:
    jquery ">=1.6.0"

select2@^4.0.6-rc.1:
  version "4.0.6-rc.1"
  resolved "https://registry.yarnpkg.com/select2/-/select2-4.0.6-rc.1.tgz#aa6c3038a7f0f2e91ffade38f0a21c15e1813276"
  dependencies:
    almond "~0.3.1"
    jquery-mousewheel "~3.1.13"

starrr@^2.0.4:
  version "2.0.4"
  resolved "https://registry.yarnpkg.com/starrr/-/starrr-2.0.4.tgz#09030f68febeb1fb02fcef2e06982dacbf5611eb"

switchery@^0.0.2:
  version "0.0.2"
  resolved "https://registry.yarnpkg.com/switchery/-/switchery-0.0.2.tgz#8d522c4eb3258bacc6c91bec980e0e46e312d06e"
  dependencies:
    cssify "~0.3.0"

through@~2.3.4:
  version "2.3.8"
  resolved "http://registry.npmjs.org/through/-/through-2.3.8.tgz#0dd4c9ffaabc357960b1b724115d7e0e86a2e1f5"

vue@^2.5.17:
  version "2.5.17"
  resolved "https://registry.yarnpkg.com/vue/-/vue-2.5.17.tgz#0f8789ad718be68ca1872629832ed533589c6ada"

vuejs-datepicker@1.5.3:
  version "1.5.3"
  resolved "https://registry.yarnpkg.com/vuejs-datepicker/-/vuejs-datepicker-1.5.3.tgz#cf26082526151724ac31a3bb8e89da998e3876df"
